
Microsoft Visual Studio Solution File, Format Version 12.00
# Visual Studio Version 17
VisualStudioVersion = 17.8.34525.116
MinimumVisualStudioVersion = 10.0.40219.1
Project("{9A19103F-16F7-4668-BE54-9A1E7A4F7556}") = "ISimpleSocket", "ISimpleSocket\ISimpleSocket.csproj", "{2E6CBAB7-5C1C-47A6-A0E1-AD58153BCC61}"
EndProject
Global
	GlobalSection(SolutionConfigurationPlatforms) = preSolution
		Debug|Any CPU = Debug|Any CPU
		Release|Any CPU = Release|Any CPU
	EndGlobalSection
	GlobalSection(ProjectConfigurationPlatforms) = postSolution
		{2E6CBAB7-5C1C-47A6-A0E1-AD58153BCC61}.Debug|Any CPU.ActiveCfg = Debug|Any CPU
		{2E6CBAB7-5C1C-47A6-A0E1-AD58153BCC61}.Debug|Any CPU.Build.0 = Debug|Any CPU
		{2E6CBAB7-5C1C-47A6-A0E1-AD58153BCC61}.Release|Any CPU.ActiveCfg = Release|Any CPU
		{2E6CBAB7-5C1C-47A6-A0E1-AD58153BCC61}.Release|Any CPU.Build.0 = Release|Any CPU
	EndGlobalSection
	GlobalSection(SolutionProperties) = preSolution
		HideSolutionNode = FALSE
	EndGlobalSection
	GlobalSection(ExtensibilityGlobals) = postSolution
		SolutionGuid = {FA826EBE-03D7-4DB1-AD67-4031683875BE}
	EndGlobalSection
EndGlobal
